
Microsoft Visual Studio Solution File, Format Version 12.00
# Visual Studio Version 17
VisualStudioVersion = 17.10.34928.147
MinimumVisualStudioVersion = 10.0.40219.1
Project("{FAE04EC0-301F-11D3-BF4B-00C04F79EFBC}") = "ej1QueensAttack", "ej1QueensAttack.csproj", "{ACE17D73-CFB7-4BDD-9D98-A7ACA666EE73}"
EndProject
Global
	GlobalSection(SolutionConfigurationPlatforms) = preSolution
		Debug|Any CPU = Debug|Any CPU
		Release|Any CPU = Release|Any CPU
	EndGlobalSection
	GlobalSection(ProjectConfigurationPlatforms) = postSolution
		{ACE17D73-CFB7-4BDD-9D98-A7ACA666EE73}.Debug|Any CPU.ActiveCfg = Debug|Any CPU
		{ACE17D73-CFB7-4BDD-9D98-A7ACA666EE73}.Debug|Any CPU.Build.0 = Debug|Any CPU
		{ACE17D73-CFB7-4BDD-9D98-A7ACA666EE73}.Release|Any CPU.ActiveCfg = Release|Any CPU
		{ACE17D73-CFB7-4BDD-9D98-A7ACA666EE73}.Release|Any CPU.Build.0 = Release|Any CPU
	EndGlobalSection
	GlobalSection(SolutionProperties) = preSolution
		HideSolutionNode = FALSE
	EndGlobalSection
	GlobalSection(ExtensibilityGlobals) = postSolution
		SolutionGuid = {9D99F7C2-649E-498E-8178-063CCCFA99DA}
	EndGlobalSection
EndGlobal
